// !$*UTF8*$!
{
	archiveVersion = 1;
	classes = {
	};
	objectVersion = 52;
	objects = {

/* Begin PBXBuildFile section */
		EA03459F269E708600BF80FA /* AppDelegate.swift in Sources */ = {isa = PBXBuildFile; fileRef = EA03459E269E708600BF80FA /* AppDelegate.swift */; };
		EA0345A1269E708600BF80FA /* SceneDelegate.swift in Sources */ = {isa = PBXBuildFile; fileRef = EA0345A0269E708600BF80FA /* SceneDelegate.swift */; };
		EA0345A3269E708600BF80FA /* ViewController.swift in Sources */ = {isa = PBXBuildFile; fileRef = EA0345A2269E708600BF80FA /* ViewController.swift */; };
		EA0345A6269E708600BF80FA /* Main.storyboard in Resources */ = {isa = PBXBuildFile; fileRef = EA0345A4269E708600BF80FA /* Main.storyboard */; };
		EA0345A8269E708900BF80FA /* Assets.xcassets in Resources */ = {isa = PBXBuildFile; fileRef = EA0345A7269E708900BF80FA /* Assets.xcassets */; };
		EA0345AB269E708900BF80FA /* LaunchScreen.storyboard in Resources */ = {isa = PBXBuildFile; fileRef = EA0345A9269E708900BF80FA /* LaunchScreen.storyboard */; };
		EA0345B4269E712400BF80FA /* Moya in Frameworks */ = {isa = PBXBuildFile; productRef = EA0345B3269E712400BF80FA /* Moya */; };
		EA0345B6269E723200BF80FA /* JokeAPI.swift in Sources */ = {isa = PBXBuildFile; fileRef = EA0345B5269E723200BF80FA /* JokeAPI.swift */; };
/* End PBXBuildFile section */

/* Begin PBXFileReference section */
		EA03459B269E708600BF80FA /* SampleProjectMoya.app */ = {isa = PBXFileReference; explicitFileType = wrapper.application; includeInIndex = 0; path = SampleProjectMoya.app; sourceTree = BUILT_PRODUCTS_DIR; };
		EA03459E269E708600BF80FA /* AppDelegate.swift */ = {isa = PBXFileReference; lastKnownFileType = sourcecode.swift; path = AppDelegate.swift; sourceTree = "<group>"; };
		EA0345A0269E708600BF80FA /* SceneDelegate.swift */ = {isa = PBXFileReference; lastKnownFileType = sourcecode.swift; path = SceneDelegate.swift; sourceTree = "<group>"; };
		EA0345A2269E708600BF80FA /* ViewController.swift */ = {isa = PBXFileReference; lastKnownFileType = sourcecode.swift; path = ViewController.swift; sourceTree = "<group>"; };
		EA0345A5269E708600BF80FA /* Base */ = {isa = PBXFileReference; lastKnownFileType = file.storyboard; name = Base; path = Base.lproj/Main.storyboard; sourceTree = "<group>"; };
		EA0345A7269E708900BF80FA /* Assets.xcassets */ = {isa = PBXFileReference; lastKnownFileType = folder.assetcatalog; path = Assets.xcassets; sourceTree = "<group>"; };
		EA0345AA269E708900BF80FA /* Base */ = {isa = PBXFileReference; lastKnownFileType = file.storyboard; name = Base; path = Base.lproj/LaunchScreen.storyboard; sourceTree = "<group>"; };
		EA0345AC269E708900BF80FA /* Info.plist */ = {isa = PBXFileReference; lastKnownFileType = text.plist.xml; path = Info.plist; sourceTree = "<group>"; };
		EA0345B5269E723200BF80FA /* JokeAPI.swift */ = {isa = PBXFileReference; lastKnownFileType = sourcecode.swift; path = JokeAPI.swift; sourceTree = "<group>"; };
/* End PBXFileReference section */

/* Begin PBXFrameworksBuildPhase section */
		EA034598269E708600BF80FA /* Frameworks */ = {
			isa = PBXFrameworksBuildPhase;
			buildActionMask = 2147483647;
			files = (
				EA0345B4269E712400BF80FA /* Moya in Frameworks */,
			);
			runOnlyForDeploymentPostprocessing = 0;
		};
/* End PBXFrameworksBuildPhase section */

/* Begin PBXGroup section */
		EA034592269E708600BF80FA = {
			isa = PBXGroup;
			children = (
				EA03459D269E708600BF80FA /* SampleProjectMoya */,
				EA03459C269E708600BF80FA /* Products */,
			);
			sourceTree = "<group>";
		};
		EA03459C269E708600BF80FA /* Products */ = {
			isa = PBXGroup;
			children = (
				EA03459B269E708600BF80FA /* SampleProjectMoya.app */,
			);
			name = Products;
			sourceTree = "<group>";
		};
		EA03459D269E708600BF80FA /* SampleProjectMoya */ = {
			isa = PBXGroup;
			children = (
				EA03459E269E708600BF80FA /* AppDelegate.swift */,
				EA0345A0269E708600BF80FA /* SceneDelegate.swift */,
				EA0345A2269E708600BF80FA /* ViewController.swift */,
				EA0345A4269E708600BF80FA /* Main.storyboard */,
				EA0345A7269E708900BF80FA /* Assets.xcassets */,
				EA0345A9269E708900BF80FA /* LaunchScreen.storyboard */,
				EA0345AC269E708900BF80FA /* Info.plist */,
				EA0345B5269E723200BF80FA /* JokeAPI.swift */,
			);
			path = SampleProjectMoya;
			sourceTree = "<group>";
		};
/* End PBXGroup section */

/* Begin PBXNativeTarget section */
		EA03459A269E708600BF80FA /* SampleProjectMoya */ = {
			isa = PBXNativeTarget;
			buildConfigurationList = EA0345AF269E708900BF80FA /* Build configuration list for PBXNativeTarget "SampleProjectMoya" */;
			buildPhases = (
				EA034597269E708600BF80FA /* Sources */,
				EA034598269E708600BF80FA /* Frameworks */,
				EA034599269E708600BF80FA /* Resources */,
			);
			buildRules = (
			);
			dependencies = (
			);
			name = SampleProjectMoya;
			packageProductDependencies = (
				EA0345B3269E712400BF80FA /* Moya */,
			);
			productName = SampleProjectMoya;
			productReference = EA03459B269E708600BF80FA /* SampleProjectMoya.app */;
			productType = "com.apple.product-type.application";
		};
/* End PBXNativeTarget section */

/* Begin PBXProject section */
		EA034593269E708600BF80FA /* Project object */ = {
			isa = PBXProject;
			attributes = {
				LastSwiftUpdateCheck = 1250;
				LastUpgradeCheck = 1250;
				TargetAttributes = {
					EA03459A269E708600BF80FA = {
						CreatedOnToolsVersion = 12.5;
					};
				};
			};
			buildConfigurationList = EA034596269E708600BF80FA /* Build configuration list for PBXProject "SampleProjectMoya" */;
			compatibilityVersion = "Xcode 9.3";
			developmentRegion = en;
			hasScannedForEncodings = 0;
			knownRegions = (
				en,
				Base,
			);
			mainGroup = EA034592269E708600BF80FA;
			packageReferences = (
				EA0345B2269E712400BF80FA /* XCRemoteSwiftPackageReference "Moya" */,
			);
			productRefGroup = EA03459C269E708600BF80FA /* Products */;
			projectDirPath = "";
			projectRoot = "";
			targets = (
				EA03459A269E708600BF80FA /* SampleProjectMoya */,
			);
		};
/* End PBXProject section */

/* Begin PBXResourcesBuildPhase section */
		EA034599269E708600BF80FA /* Resources */ = {
			isa = PBXResourcesBuildPhase;
			buildActionMask = 2147483647;
			files = (
				EA0345AB269E708900BF80FA /* LaunchScreen.storyboard in Resources */,
				EA0345A8269E708900BF80FA /* Assets.xcassets in Resources */,
				EA0345A6269E708600BF80FA /* Main.storyboard in Resources */,
			);
			runOnlyForDeploymentPostprocessing = 0;
		};
/* End PBXResourcesBuildPhase section */

/* Begin PBXSourcesBuildPhase section */
		EA034597269E708600BF80FA /* Sources */ = {
			isa = PBXSourcesBuildPhase;
			buildActionMask = 2147483647;
			files = (
				EA0345A3269E708600BF80FA /* ViewController.swift in Sources */,
				EA03459F269E708600BF80FA /* AppDelegate.swift in Sources */,
				EA0345A1269E708600BF80FA /* SceneDelegate.swift in Sources */,
				EA0345B6269E723200BF80FA /* JokeAPI.swift in Sources */,
			);
			runOnlyForDeploymentPostprocessing = 0;
		};
/* End PBXSourcesBuildPhase section */

/* Begin PBXVariantGroup section */
		EA0345A4269E708600BF80FA /* Main.storyboard */ = {
			isa = PBXVariantGroup;
			children = (
				EA0345A5269E708600BF80FA /* Base */,
			);
			name = Main.storyboard;
			sourceTree = "<group>";
		};
		EA0345A9269E708900BF80FA /* LaunchScreen.storyboard */ = {
			isa = PBXVariantGroup;
			children = (
				EA0345AA269E708900BF80FA /* Base */,
			);
			name = LaunchScreen.storyboard;
			sourceTree = "<group>";
		};
/* End PBXVariantGroup section */

/* Begin XCBuildConfiguration section */
		EA0345AD269E708900BF80FA /* Debug */ = {
			isa = XCBuildConfiguration;
			buildSettings = {
				ALWAYS_SEARCH_USER_PATHS = NO;
				CLANG_ANALYZER_NONNULL = YES;
				CLANG_ANALYZER_NUMBER_OBJECT_CONVERSION = YES_AGGRESSIVE;
				CLANG_CXX_LANGUAGE_STANDARD = "gnu++14";
				CLANG_CXX_LIBRARY = "libc++";
				CLANG_ENABLE_MODULES = YES;
				CLANG_ENABLE_OBJC_ARC = YES;
				CLANG_ENABLE_OBJC_WEAK = YES;
				CLANG_WARN_BLOCK_CAPTURE_AUTORELEASING = YES;
				CLANG_WARN_BOOL_CONVERSION = YES;
				CLANG_WARN_COMMA = YES;
				CLANG_WARN_CONSTANT_CONVERSION = YES;
				CLANG_WARN_DEPRECATED_OBJC_IMPLEMENTATIONS = YES;
				CLANG_WARN_DIRECT_OBJC_ISA_USAGE = YES_ERROR;
				CLANG_WARN_DOCUMENTATION_COMMENTS = YES;
				CLANG_WARN_EMPTY_BODY = YES;
				CLANG_WARN_ENUM_CONVERSION = YES;
				CLANG_WARN_INFINITE_RECURSION = YES;
				CLANG_WARN_INT_CONVERSION = YES;
				CLANG_WARN_NON_LITERAL_NULL_CONVERSION = YES;
				CLANG_WARN_OBJC_IMPLICIT_RETAIN_SELF = YES;
				CLANG_WARN_OBJC_LITERAL_CONVERSION = YES;
				CLANG_WARN_OBJC_ROOT_CLASS = YES_ERROR;
				CLANG_WARN_QUOTED_INCLUDE_IN_FRAMEWORK_HEADER = YES;
				CLANG_WARN_RANGE_LOOP_ANALYSIS = YES;
				CLANG_WARN_STRICT_PROTOTYPES = YES;
				CLANG_WARN_SUSPICIOUS_MOVE = YES;
				CLANG_WARN_UNGUARDED_AVAILABILITY = YES_AGGRESSIVE;
				CLANG_WARN_UNREACHABLE_CODE = YES;
				CLANG_WARN__DUPLICATE_METHOD_MATCH = YES;
				COPY_PHASE_STRIP = NO;
				DEBUG_INFORMATION_FORMAT = dwarf;
				ENABLE_STRICT_OBJC_MSGSEND = YES;
				ENABLE_TESTABILITY = YES;
				GCC_C_LANGUAGE_STANDARD = gnu11;
				GCC_DYNAMIC_NO_PIC = NO;
				GCC_NO_COMMON_BLOCKS = YES;
				GCC_OPTIMIZATION_LEVEL = 0;
				GCC_PREPROCESSOR_DEFINITIONS = (
					"DEBUG=1",
					"$(inherited)",
				);
				GCC_WARN_64_TO_32_BIT_CONVERSION = YES;
				GCC_WARN_ABOUT_RETURN_TYPE = YES_ERROR;
				GCC_WARN_UNDECLARED_SELECTOR = YES;
				GCC_WARN_UNINITIALIZED_AUTOS = YES_AGGRESSIVE;
				GCC_WARN_UNUSED_FUNCTION = YES;
				GCC_WARN_UNUSED_VARIABLE = YES;
				IPHONEOS_DEPLOYMENT_TARGET = 14.5;
				MTL_ENABLE_DEBUG_INFO = INCLUDE_SOURCE;
				MTL_FAST_MATH = YES;
				ONLY_ACTIVE_ARCH = YES;
				SDKROOT = iphoneos;
				SWIFT_ACTIVE_COMPILATION_CONDITIONS = DEBUG;
				SWIFT_OPTIMIZATION_LEVEL = "-Onone";
			};
			name = Debug;
		};
		EA0345AE269E708900BF80FA /* Release */ = {
			isa = XCBuildConfiguration;
			buildSettings = {
				ALWAYS_SEARCH_USER_PATHS = NO;
				CLANG_ANALYZER_NONNULL = YES;
				CLANG_ANALYZER_NUMBER_OBJECT_CONVERSION = YES_AGGRESSIVE;
				CLANG_CXX_LANGUAGE_STANDARD = "gnu++14";
				CLANG_CXX_LIBRARY = "libc++";
				CLANG_ENABLE_MODULES = YES;
				CLANG_ENABLE_OBJC_ARC = YES;
				CLANG_ENABLE_OBJC_WEAK = YES;
				CLANG_WARN_BLOCK_CAPTURE_AUTORELEASING = YES;
				CLANG_WARN_BOOL_CONVERSION = YES;
				CLANG_WARN_COMMA = YES;
				CLANG_WARN_CONSTANT_CONVERSION = YES;
				CLANG_WARN_DEPRECATED_OBJC_IMPLEMENTATIONS = YES;
				CLANG_WARN_DIRECT_OBJC_ISA_USAGE = YES_ERROR;
				CLANG_WARN_DOCUMENTATION_COMMENTS = YES;
				CLANG_WARN_EMPTY_BODY = YES;
				CLANG_WARN_ENUM_CONVERSION = YES;
				CLANG_WARN_INFINITE_RECURSION = YES;
				CLANG_WARN_INT_CONVERSION = YES;
				CLANG_WARN_NON_LITERAL_NULL_CONVERSION = YES;
				CLANG_WARN_OBJC_IMPLICIT_RETAIN_SELF = YES;
				CLANG_WARN_OBJC_LITERAL_CONVERSION = YES;
				CLANG_WARN_OBJC_ROOT_CLASS = YES_ERROR;
				CLANG_WARN_QUOTED_INCLUDE_IN_FRAMEWORK_HEADER = YES;
				CLANG_WARN_RANGE_LOOP_ANALYSIS = YES;
				CLANG_WARN_STRICT_PROTOTYPES = YES;
				CLANG_WARN_SUSPICIOUS_MOVE = YES;
				CLANG_WARN_UNGUARDED_AVAILABILITY = YES_AGGRESSIVE;
				CLANG_WARN_UNREACHABLE_CODE = YES;
				CLANG_WARN__DUPLICATE_METHOD_MATCH = YES;
				COPY_PHASE_STRIP = NO;
				DEBUG_INFORMATION_FORMAT = "dwarf-with-dsym";
				ENABLE_NS_ASSERTIONS = NO;
				ENABLE_STRICT_OBJC_MSGSEND = YES;
				GCC_C_LANGUAGE_STANDARD = gnu11;
				GCC_NO_COMMON_BLOCKS = YES;
				GCC_WARN_64_TO_32_BIT_CONVERSION = YES;
				GCC_WARN_ABOUT_RETURN_TYPE = YES_ERROR;
				GCC_WARN_UNDECLARED_SELECTOR = YES;
				GCC_WARN_UNINITIALIZED_AUTOS = YES_AGGRESSIVE;
				GCC_WARN_UNUSED_FUNCTION = YES;
				GCC_WARN_UNUSED_VARIABLE = YES;
				IPHONEOS_DEPLOYMENT_TARGET = 14.5;
				MTL_ENABLE_DEBUG_INFO = NO;
				MTL_FAST_MATH = YES;
				SDKROOT = iphoneos;
				SWIFT_COMPILATION_MODE = wholemodule;
				SWIFT_OPTIMIZATION_LEVEL = "-O";
				VALIDATE_PRODUCT = YES;
			};
			name = Release;
		};
		EA0345B0269E708900BF80FA /* Debug */ = {
			isa = XCBuildConfiguration;
			buildSettings = {
				ASSETCATALOG_COMPILER_APPICON_NAME = AppIcon;
				ASSETCATALOG_COMPILER_GLOBAL_ACCENT_COLOR_NAME = AccentColor;
				CODE_SIGN_STYLE = Automatic;
				DEVELOPMENT_TEAM = 8RLH6CULJ3;
				INFOPLIST_FILE = SampleProjectMoya/Info.plist;
				LD_RUNPATH_SEARCH_PATHS = (
					"$(inherited)",
					"@executable_path/Frameworks",
				);
				PRODUCT_BUNDLE_IDENTIFIER = NamJunLee.SampleProjectMoya;
				PRODUCT_NAME = "$(TARGET_NAME)";
				SWIFT_VERSION = 5.0;
				TARGETED_DEVICE_FAMILY = "1,2";
			};
			name = Debug;
		};
		EA0345B1269E708900BF80FA /* Release */ = {
			isa = XCBuildConfiguration;
			buildSettings = {
				ASSETCATALOG_COMPILER_APPICON_NAME = AppIcon;
				ASSETCATALOG_COMPILER_GLOBAL_ACCENT_COLOR_NAME = AccentColor;
				CODE_SIGN_STYLE = Automatic;
				DEVELOPMENT_TEAM = 8RLH6CULJ3;
				INFOPLIST_FILE = SampleProjectMoya/Info.plist;
				LD_RUNPATH_SEARCH_PATHS = (
					"$(inherited)",
					"@executable_path/Frameworks",
				);
				PRODUCT_BUNDLE_IDENTIFIER = NamJunLee.SampleProjectMoya;
				PRODUCT_NAME = "$(TARGET_NAME)";
				SWIFT_VERSION = 5.0;
				TARGETED_DEVICE_FAMILY = "1,2";
			};
			name = Release;
		};
/* End XCBuildConfiguration section */

/* Begin XCConfigurationList section */
		EA034596269E708600BF80FA /* Build configuration list for PBXProject "SampleProjectMoya" */ = {
			isa = XCConfigurationList;
			buildConfigurations = (
				EA0345AD269E708900BF80FA /* Debug */,
				EA0345AE269E708900BF80FA /* Release */,
			);
			defaultConfigurationIsVisible = 0;
			defaultConfigurationName = Release;
		};
		EA0345AF269E708900BF80FA /* Build configuration list for PBXNativeTarget "SampleProjectMoya" */ = {
			isa = XCConfigurationList;
			buildConfigurations = (
				EA0345B0269E708900BF80FA /* Debug */,
				EA0345B1269E708900BF80FA /* Release */,
			);
			defaultConfigurationIsVisible = 0;
			defaultConfigurationName = Release;
		};
/* End XCConfigurationList section */

/* Begin XCRemoteSwiftPackageReference section */
		EA0345B2269E712400BF80FA /* XCRemoteSwiftPackageReference "Moya" */ = {
			isa = XCRemoteSwiftPackageReference;
			repositoryURL = "https://github.com/Moya/Moya.git";
			requirement = {
				kind = upToNextMajorVersion;
				minimumVersion = 14.0.1;
			};
		};
/* End XCRemoteSwiftPackageReference section */

/* Begin XCSwiftPackageProductDependency section */
		EA0345B3269E712400BF80FA /* Moya */ = {
			isa = XCSwiftPackageProductDependency;
			package = EA0345B2269E712400BF80FA /* XCRemoteSwiftPackageReference "Moya" */;
			productName = Moya;
		};
/* End XCSwiftPackageProductDependency section */
	};
	rootObject = EA034593269E708600BF80FA /* Project object */;
}
